PODS:
  - CTPanoramaView (1.1)

DEPENDENCIES:
  - CTPanoramaView (= 1.1)

SPEC REPOS:
  https://github.com/cocoapods/specs.git:
    - CTPanoramaView

SPEC CHECKSUMS:
  CTPanoramaView: 7d150988e7dfcf33ae91ceb07aec928ae32f7665

PODFILE CHECKSUM: cd745942aa55b32ad03f3ee5606c9cd40566fa16

COCOAPODS: 1.5.3
